
Microsoft Visual Studio Solution File, Format Version 12.00
# Visual Studio 15
VisualStudioVersion = 15.0.28307.438
MinimumVisualStudioVersion = 10.0.40219.1
Project("{FAE04EC0-301F-11D3-BF4B-00C04F79EFBC}") = "StoreFront.Tests", "StoreFront.Tests\StoreFront.Tests.csproj", "{2EFFC150-9D19-4B21-B601-F602F0B234EF}"
EndProject
Global
	GlobalSection(SolutionConfigurationPlatforms) = preSolution
		Debug|Any CPU = Debug|Any CPU
		Release|Any CPU = Release|Any CPU
	EndGlobalSection
	GlobalSection(ProjectConfigurationPlatforms) = postSolution
		{2EFFC150-9D19-4B21-B601-F602F0B234EF}.Debug|Any CPU.ActiveCfg = Debug|Any CPU
		{2EFFC150-9D19-4B21-B601-F602F0B234EF}.Debug|Any CPU.Build.0 = Debug|Any CPU
		{2EFFC150-9D19-4B21-B601-F602F0B234EF}.Release|Any CPU.ActiveCfg = Release|Any CPU
		{2EFFC150-9D19-4B21-B601-F602F0B234EF}.Release|Any CPU.Build.0 = Release|Any CPU
	EndGlobalSection
	GlobalSection(SolutionProperties) = preSolution
		HideSolutionNode = FALSE
	EndGlobalSection
	GlobalSection(ExtensibilityGlobals) = postSolution
		SolutionGuid = {983D1446-6578-41C1-82B5-1516C9A81D0D}
	EndGlobalSection
EndGlobal
